{
    "_readme": [
        "This file locks the dependencies of your project to a known state",
        "Read more about it at https://getcomposer.org/doc/01-basic-usage.md#composer-lock-the-lock-file",
        "This file is @generated automatically"
    ],
    "content-hash": "4bf3e561fc3bf81715726c2eb212f908",
    "packages": [
        {
            "name": "pocketmine/pocketmine-binaryutils",
            "version": "dev-master",
            "source": {
                "type": "git",
                "url": "https://github.com/pmmp/PocketMine-BinaryUtils.git",
                "reference": "8bb34e771fee69abcc5482d17d2fa0b4f0e15a5e"
            },
            "dist": {
                "type": "zip",
                "url": "https://api.github.com/repos/pmmp/PocketMine-BinaryUtils/zipball/8bb34e771fee69abcc5482d17d2fa0b4f0e15a5e",
                "reference": "8bb34e771fee69abcc5482d17d2fa0b4f0e15a5e",
                "shasum": ""
            },
            "require": {
                "php": ">=7.2"
            },
            "type": "library",
            "autoload": {
                "psr-4": {
                    "pocketmine\\utils\\": "src/"
                }
            },
            "license": [
                "LGPL-3.0"
            ],
            "description": "Classes and methods for conveniently handling binary data",
            "support": {
                "source": "https://github.com/pmmp/PocketMine-BinaryUtils/tree/master",
                "issues": "https://github.com/pmmp/PocketMine-BinaryUtils/issues"
            },
            "time": "2018-01-11T13:29:17+00:00"
        }
    ],
    "packages-dev": [],
    "aliases": [],
    "minimum-stability": "stable",
    "stability-flags": {
        "pocketmine/pocketmine-binaryutils": 20
    },
    "prefer-stable": false,
    "prefer-lowest": false,
    "platform": {
        "php": ">=7.2.0"
    },
    "platform-dev": []
}
